
Microsoft Visual Studio Solution File, Format Version 12.00
# Visual Studio Version 17
VisualStudioVersion = 17.3.32922.545
MinimumVisualStudioVersion = 10.0.40219.1
Project("{FAE04EC0-301F-11D3-BF4B-00C04F79EFBC}") = "Assembly-CSharp", "Assembly-CSharp.csproj", "{F527FC55-FA60-06D0-1C12-BA357D8A4624}"
EndProject
Global
	GlobalSection(SolutionConfigurationPlatforms) = preSolution
		Debug|Any CPU = Debug|Any CPU
		Release|Any CPU = Release|Any CPU
	EndGlobalSection
	GlobalSection(ProjectConfigurationPlatforms) = postSolution
		{F527FC55-FA60-06D0-1C12-BA357D8A4624}.Debug|Any CPU.ActiveCfg = Debug|Any CPU
		{F527FC55-FA60-06D0-1C12-BA357D8A4624}.Debug|Any CPU.Build.0 = Debug|Any CPU
		{F527FC55-FA60-06D0-1C12-BA357D8A4624}.Release|Any CPU.ActiveCfg = Release|Any CPU
		{F527FC55-FA60-06D0-1C12-BA357D8A4624}.Release|Any CPU.Build.0 = Release|Any CPU
	EndGlobalSection
	GlobalSection(SolutionProperties) = preSolution
		HideSolutionNode = FALSE
	EndGlobalSection
	GlobalSection(ExtensibilityGlobals) = postSolution
		SolutionGuid = {3DFC59B2-ACCE-4652-A7AB-A94433A40E92}
	EndGlobalSection
EndGlobal
